Microsoft Visual Studio Solution File, Format Version 12.00
# Visual Studio Version 17
VisualStudioVersion = 17.5.2.0
MinimumVisualStudioVersion = 10.0.40219.1
Project("{FAE04EC0-301F-11D3-BF4B-00C04F79EFBC}") = "LMDFileEditor", "LMDFileEditor.csproj", "{10501BF2-A828-52B3-B170-BD6B9D657D44}"
EndProject
Global
	GlobalSection(SolutionConfigurationPlatforms) = preSolution
		Debug|Any CPU = Debug|Any CPU
		Release|Any CPU = Release|Any CPU
	EndGlobalSection
	GlobalSection(ProjectConfigurationPlatforms) = postSolution
		{10501BF2-A828-52B3-B170-BD6B9D657D44}.Debug|Any CPU.ActiveCfg = Debug|Any CPU
		{10501BF2-A828-52B3-B170-BD6B9D657D44}.Debug|Any CPU.Build.0 = Debug|Any CPU
		{10501BF2-A828-52B3-B170-BD6B9D657D44}.Release|Any CPU.ActiveCfg = Release|Any CPU
		{10501BF2-A828-52B3-B170-BD6B9D657D44}.Release|Any CPU.Build.0 = Release|Any CPU
	EndGlobalSection
	GlobalSection(SolutionProperties) = preSolution
		HideSolutionNode = FALSE
	EndGlobalSection
	GlobalSection(ExtensibilityGlobals) = postSolution
		SolutionGuid = {E4A8D90F-C79C-4C05-80A0-35AFE9817A9B}
	EndGlobalSection
EndGlobal
